
Microsoft Visual Studio Solution File, Format Version 12.00
# Visual Studio Version 17
VisualStudioVersion = 17.8.34330.188
MinimumVisualStudioVersion = 10.0.40219.1
Project("{FAE04EC0-301F-11D3-BF4B-00C04F79EFBC}") = "WebAppCustomer", "WebAppCustomer\WebAppCustomer.csproj", "{D088901C-6222-48A7-9D55-16682E0FC97D}"
EndProject
Global
	GlobalSection(SolutionConfigurationPlatforms) = preSolution
		Debug|Any CPU = Debug|Any CPU
		Release|Any CPU = Release|Any CPU
	EndGlobalSection
	GlobalSection(ProjectConfigurationPlatforms) = postSolution
		{D088901C-6222-48A7-9D55-16682E0FC97D}.Debug|Any CPU.ActiveCfg = Debug|Any CPU
		{D088901C-6222-48A7-9D55-16682E0FC97D}.Debug|Any CPU.Build.0 = Debug|Any CPU
		{D088901C-6222-48A7-9D55-16682E0FC97D}.Release|Any CPU.ActiveCfg = Release|Any CPU
		{D088901C-6222-48A7-9D55-16682E0FC97D}.Release|Any CPU.Build.0 = Release|Any CPU
	EndGlobalSection
	GlobalSection(SolutionProperties) = preSolution
		HideSolutionNode = FALSE
	EndGlobalSection
	GlobalSection(ExtensibilityGlobals) = postSolution
		SolutionGuid = {B9DE5495-5810-48FE-AF4A-BBBCFC41357A}
	EndGlobalSection
EndGlobal
